// !$*UTF8*$!
{
	archiveVersion = 1;
	classes = {
	};
	objectVersion = 50;
	objects = {

/* Begin PBXBuildFile section */
		4E021D322601CDFB00319894 /* welcome.swift in Sources */ = {isa = PBXBuildFile; fileRef = 4E021D312601CDFB00319894 /* welcome.swift */; };
		4E021D362601CE0900319894 /* LanguageRowView.swift in Sources */ = {isa = PBXBuildFile; fileRef = 4E021D352601CE0900319894 /* LanguageRowView.swift */; };
		4E021D3A2601D14D00319894 /* Filter.swift in Sources */ = {isa = PBXBuildFile; fileRef = 4E021D392601D14D00319894 /* Filter.swift */; };
		4E021D3D2601D43D00319894 /* PageInfo.swift in Sources */ = {isa = PBXBuildFile; fileRef = 4E021D3C2601D43D00319894 /* PageInfo.swift */; };
		4E021D422601D4B300319894 /* Board.swift in Sources */ = {isa = PBXBuildFile; fileRef = 4E021D412601D4B300319894 /* Board.swift */; };
		4E037B592601E4BB00B24332 /* HomeScreen.swift in Sources */ = {isa = PBXBuildFile; fileRef = 4E037B582601E4BB00B24332 /* HomeScreen.swift */; };
		4E037B632601E8D000B24332 /* Category.swift in Sources */ = {isa = PBXBuildFile; fileRef = 4E037B622601E8D000B24332 /* Category.swift */; };
		4E037B672601E9E000B24332 /* CategoryView.swift in Sources */ = {isa = PBXBuildFile; fileRef = 4E037B662601E9E000B24332 /* CategoryView.swift */; };
		4E100F8B2603222B0050CCCC /* NotificationView.swift in Sources */ = {isa = PBXBuildFile; fileRef = 4E100F8A2603222B0050CCCC /* NotificationView.swift */; };
		4E100F8F2603234A0050CCCC /* NotificationViewModel.swift in Sources */ = {isa = PBXBuildFile; fileRef = 4E100F8E2603234A0050CCCC /* NotificationViewModel.swift */; };
		4E100F92260323610050CCCC /* NotyModel.swift in Sources */ = {isa = PBXBuildFile; fileRef = 4E100F91260323610050CCCC /* NotyModel.swift */; };
		4E100F95260324500050CCCC /* NotificationRowView.swift in Sources */ = {isa = PBXBuildFile; fileRef = 4E100F94260324500050CCCC /* NotificationRowView.swift */; };
		4E100F98260326880050CCCC /* NotificationUpdateRowView.swift in Sources */ = {isa = PBXBuildFile; fileRef = 4E100F97260326880050CCCC /* NotificationUpdateRowView.swift */; };
		4E100F9D26032A7D0050CCCC /* AboutUsView.swift in Sources */ = {isa = PBXBuildFile; fileRef = 4E100F9C26032A7D0050CCCC /* AboutUsView.swift */; };
		4E100FA126032B220050CCCC /* AboutUsRorView.swift in Sources */ = {isa = PBXBuildFile; fileRef = 4E100FA026032B220050CCCC /* AboutUsRorView.swift */; };
		4E100FA426032E5C0050CCCC /* WhieListView.swift in Sources */ = {isa = PBXBuildFile; fileRef = 4E100FA326032E5C0050CCCC /* WhieListView.swift */; };
		4E100FA7260330550050CCCC /* OrderHistoryView.swift in Sources */ = {isa = PBXBuildFile; fileRef = 4E100FA6260330550050CCCC /* OrderHistoryView.swift */; };
		4E3C2A2B2601CC0900DD0962 /* MST_XDApp.swift in Sources */ = {isa = PBXBuildFile; fileRef = 4E3C2A2A2601CC0900DD0962 /* MST_XDApp.swift */; };
		4E3C2A2D2601CC0900DD0962 /* ContentView.swift in Sources */ = {isa = PBXBuildFile; fileRef = 4E3C2A2C2601CC0900DD0962 /* ContentView.swift */; };
		4E3C2A2F2601CC0900DD0962 /* Assets.xcassets in Resources */ = {isa = PBXBuildFile; fileRef = 4E3C2A2E2601CC0900DD0962 /* Assets.xcassets */; };
		4E3C2A322601CC0900DD0962 /* Preview Assets.xcassets in Resources */ = {isa = PBXBuildFile; fileRef = 4E3C2A312601CC0900DD0962 /* Preview Assets.xcassets */; };
		4E3C2A3E2601CC2900DD0962 /* Home.swift in Sources */ = {isa = PBXBuildFile; fileRef = 4E3C2A3D2601CC2900DD0962 /* Home.swift */; };
		4E43CF732602111B00286C38 /* HomeShopping.swift in Sources */ = {isa = PBXBuildFile; fileRef = 4E43CF722602111B00286C38 /* HomeShopping.swift */; };
		4E43CF782602116A00286C38 /* EpmtyShopView.swift in Sources */ = {isa = PBXBuildFile; fileRef = 4E43CF772602116A00286C38 /* EpmtyShopView.swift */; };
		4E43CF7D2602124300286C38 /* ShopItem.swift in Sources */ = {isa = PBXBuildFile; fileRef = 4E43CF7C2602124300286C38 /* ShopItem.swift */; };
		4E43CF81260213ED00286C38 /* ShopCartRow.swift in Sources */ = {isa = PBXBuildFile; fileRef = 4E43CF80260213ED00286C38 /* ShopCartRow.swift */; };
		4E43CF852602166200286C38 /* TotoView.swift in Sources */ = {isa = PBXBuildFile; fileRef = 4E43CF842602166200286C38 /* TotoView.swift */; };
		4E43CF8826021AAA00286C38 /* AddMinusView.swift in Sources */ = {isa = PBXBuildFile; fileRef = 4E43CF8726021AAA00286C38 /* AddMinusView.swift */; };
		4E5D0F712602444400BE2939 /* CheckoutBuy.swift in Sources */ = {isa = PBXBuildFile; fileRef = 4E5D0F702602444400BE2939 /* CheckoutBuy.swift */; };
		4E5D0F7726024BB500BE2939 /* FinishCheckout.swift in Sources */ = {isa = PBXBuildFile; fileRef = 4E5D0F7626024BB500BE2939 /* FinishCheckout.swift */; };
		4E5D0F7B26024F7E00BE2939 /* FloatingTextField.swift in Sources */ = {isa = PBXBuildFile; fileRef = 4E5D0F7A26024F7E00BE2939 /* FloatingTextField.swift */; };
		4EE4449926022F6800C2F756 /* CartViewModel.swift in Sources */ = {isa = PBXBuildFile; fileRef = 4EE4449826022F6800C2F756 /* CartViewModel.swift */; };
		4EEF90A92601F9340030C1D8 /* HomeDetail.swift in Sources */ = {isa = PBXBuildFile; fileRef = 4EEF90A82601F9340030C1D8 /* HomeDetail.swift */; };
		4EEF90B02601FBEE0030C1D8 /* Details.swift in Sources */ = {isa = PBXBuildFile; fileRef = 4EEF90AF2601FBEE0030C1D8 /* Details.swift */; };
		4EEF90B32601FCCA0030C1D8 /* DetailView.swift in Sources */ = {isa = PBXBuildFile; fileRef = 4EEF90B22601FCCA0030C1D8 /* DetailView.swift */; };
		4EEF90B7260202200030C1D8 /* ProductDetail.swift in Sources */ = {isa = PBXBuildFile; fileRef = 4EEF90B6260202200030C1D8 /* ProductDetail.swift */; };
		4EFF5B972603156000BD7621 /* BuySuccessView.swift in Sources */ = {isa = PBXBuildFile; fileRef = 4EFF5B962603156000BD7621 /* BuySuccessView.swift */; };
/* End PBXBuildFile section */

/* Begin PBXFileReference section */
		4E021D312601CDFB00319894 /* welcome.swift */ = {isa = PBXFileReference; lastKnownFileType = sourcecode.swift; path = welcome.swift; sourceTree = "<group>"; };
		4E021D352601CE0900319894 /* LanguageRowView.swift */ = {isa = PBXFileReference; lastKnownFileType = sourcecode.swift; path = LanguageRowView.swift; sourceTree = "<group>"; };
		4E021D392601D14D00319894 /* Filter.swift */ = {isa = PBXFileReference; fileEncoding = 4; lastKnownFileType = sourcecode.swift; path = Filter.swift; sourceTree = "<group>"; };
		4E021D3C2601D43D00319894 /* PageInfo.swift */ = {isa = PBXFileReference; lastKnownFileType = sourcecode.swift; path = PageInfo.swift; sourceTree = "<group>"; };
		4E021D412601D4B300319894 /* Board.swift */ = {isa = PBXFileReference; fileEncoding = 4; lastKnownFileType = sourcecode.swift; path = Board.swift; sourceTree = "<group>"; };
		4E037B582601E4BB00B24332 /* HomeScreen.swift */ = {isa = PBXFileReference; lastKnownFileType = sourcecode.swift; path = HomeScreen.swift; sourceTree = "<group>"; };
		4E037B622601E8D000B24332 /* Category.swift */ = {isa = PBXFileReference; lastKnownFileType = sourcecode.swift; path = Category.swift; sourceTree = "<group>"; };
		4E037B662601E9E000B24332 /* CategoryView.swift */ = {isa = PBXFileReference; lastKnownFileType = sourcecode.swift; path = CategoryView.swift; sourceTree = "<group>"; };
		4E100F8A2603222B0050CCCC /* NotificationView.swift */ = {isa = PBXFileReference; lastKnownFileType = sourcecode.swift; path = NotificationView.swift; sourceTree = "<group>"; };
		4E100F8E2603234A0050CCCC /* NotificationViewModel.swift */ = {isa = PBXFileReference; lastKnownFileType = sourcecode.swift; path = NotificationViewModel.swift; sourceTree = "<group>"; };
		4E100F91260323610050CCCC /* NotyModel.swift */ = {isa = PBXFileReference; lastKnownFileType = sourcecode.swift; path = NotyModel.swift; sourceTree = "<group>"; };
		4E100F94260324500050CCCC /* NotificationRowView.swift */ = {isa = PBXFileReference; lastKnownFileType = sourcecode.swift; path = NotificationRowView.swift; sourceTree = "<group>"; };
		4E100F97260326880050CCCC /* NotificationUpdateRowView.swift */ = {isa = PBXFileReference; lastKnownFileType = sourcecode.swift; path = NotificationUpdateRowView.swift; sourceTree = "<group>"; };
		4E100F9C26032A7D0050CCCC /* AboutUsView.swift */ = {isa = PBXFileReference; lastKnownFileType = sourcecode.swift; path = AboutUsView.swift; sourceTree = "<group>"; };
		4E100FA026032B220050CCCC /* AboutUsRorView.swift */ = {isa = PBXFileReference; lastKnownFileType = sourcecode.swift; path = AboutUsRorView.swift; sourceTree = "<group>"; };
		4E100FA326032E5C0050CCCC /* WhieListView.swift */ = {isa = PBXFileReference; lastKnownFileType = sourcecode.swift; path = WhieListView.swift; sourceTree = "<group>"; };
		4E100FA6260330550050CCCC /* OrderHistoryView.swift */ = {isa = PBXFileReference; lastKnownFileType = sourcecode.swift; path = OrderHistoryView.swift; sourceTree = "<group>"; };
		4E3C2A272601CC0900DD0962 /* MST XD.app */ = {isa = PBXFileReference; explicitFileType = wrapper.application; includeInIndex = 0; path = "MST XD.app"; sourceTree = BUILT_PRODUCTS_DIR; };
		4E3C2A2A2601CC0900DD0962 /* MST_XDApp.swift */ = {isa = PBXFileReference; lastKnownFileType = sourcecode.swift; path = MST_XDApp.swift; sourceTree = "<group>"; };
		4E3C2A2C2601CC0900DD0962 /* ContentView.swift */ = {isa = PBXFileReference; lastKnownFileType = sourcecode.swift; path = ContentView.swift; sourceTree = "<group>"; };
		4E3C2A2E2601CC0900DD0962 /* Assets.xcassets */ = {isa = PBXFileReference; lastKnownFileType = folder.assetcatalog; path = Assets.xcassets; sourceTree = "<group>"; };
		4E3C2A312601CC0900DD0962 /* Preview Assets.xcassets */ = {isa = PBXFileReference; lastKnownFileType = folder.assetcatalog; path = "Preview Assets.xcassets"; sourceTree = "<group>"; };
		4E3C2A332601CC0900DD0962 /* Info.plist */ = {isa = PBXFileReference; lastKnownFileType = text.plist.xml; path = Info.plist; sourceTree = "<group>"; };
		4E3C2A3D2601CC2900DD0962 /* Home.swift */ = {isa = PBXFileReference; lastKnownFileType = sourcecode.swift; path = Home.swift; sourceTree = "<group>"; };
		4E43CF722602111B00286C38 /* HomeShopping.swift */ = {isa = PBXFileReference; lastKnownFileType = sourcecode.swift; path = HomeShopping.swift; sourceTree = "<group>"; };
		4E43CF772602116A00286C38 /* EpmtyShopView.swift */ = {isa = PBXFileReference; lastKnownFileType = sourcecode.swift; path = EpmtyShopView.swift; sourceTree = "<group>"; };
		4E43CF7C2602124300286C38 /* ShopItem.swift */ = {isa = PBXFileReference; lastKnownFileType = sourcecode.swift; path = ShopItem.swift; sourceTree = "<group>"; };
		4E43CF80260213ED00286C38 /* ShopCartRow.swift */ = {isa = PBXFileReference; lastKnownFileType = sourcecode.swift; path = ShopCartRow.swift; sourceTree = "<group>"; };
		4E43CF842602166200286C38 /* TotoView.swift */ = {isa = PBXFileReference; lastKnownFileType = sourcecode.swift; path = TotoView.swift; sourceTree = "<group>"; };
		4E43CF8726021AAA00286C38 /* AddMinusView.swift */ = {isa = PBXFileReference; lastKnownFileType = sourcecode.swift; path = AddMinusView.swift; sourceTree = "<group>"; };
		4E5D0F702602444400BE2939 /* CheckoutBuy.swift */ = {isa = PBXFileReference; lastKnownFileType = sourcecode.swift; path = CheckoutBuy.swift; sourceTree = "<group>"; };
		4E5D0F7626024BB500BE2939 /* FinishCheckout.swift */ = {isa = PBXFileReference; lastKnownFileType = sourcecode.swift; path = FinishCheckout.swift; sourceTree = "<group>"; };
		4E5D0F7A26024F7E00BE2939 /* FloatingTextField.swift */ = {isa = PBXFileReference; lastKnownFileType = sourcecode.swift; path = FloatingTextField.swift; sourceTree = "<group>"; };
		4EE4449826022F6800C2F756 /* CartViewModel.swift */ = {isa = PBXFileReference; lastKnownFileType = sourcecode.swift; path = CartViewModel.swift; sourceTree = "<group>"; };
		4EEF90A82601F9340030C1D8 /* HomeDetail.swift */ = {isa = PBXFileReference; lastKnownFileType = sourcecode.swift; path = HomeDetail.swift; sourceTree = "<group>"; };
		4EEF90AF2601FBEE0030C1D8 /* Details.swift */ = {isa = PBXFileReference; lastKnownFileType = sourcecode.swift; path = Details.swift; sourceTree = "<group>"; };
		4EEF90B22601FCCA0030C1D8 /* DetailView.swift */ = {isa = PBXFileReference; lastKnownFileType = sourcecode.swift; path = DetailView.swift; sourceTree = "<group>"; };
		4EEF90B6260202200030C1D8 /* ProductDetail.swift */ = {isa = PBXFileReference; lastKnownFileType = sourcecode.swift; path = ProductDetail.swift; sourceTree = "<group>"; };
		4EFF5B962603156000BD7621 /* BuySuccessView.swift */ = {isa = PBXFileReference; lastKnownFileType = sourcecode.swift; path = BuySuccessView.swift; sourceTree = "<group>"; };
/* End PBXFileReference section */

/* Begin PBXFrameworksBuildPhase section */
		4E3C2A242601CC0900DD0962 /* Frameworks */ = {
			isa = PBXFrameworksBuildPhase;
			buildActionMask = 2147483647;
			files = (
			);
			runOnlyForDeploymentPostprocessing = 0;
		};
/* End PBXFrameworksBuildPhase section */

/* Begin PBXGroup section */
		4E021D302601CDF000319894 /* welcome */ = {
			isa = PBXGroup;
			children = (
				4E3C2A3D2601CC2900DD0962 /* Home.swift */,
				4E021D3C2601D43D00319894 /* PageInfo.swift */,
			);
			path = welcome;
			sourceTree = "<group>";
		};
		4E037B562601E4A900B24332 /* home */ = {
			isa = PBXGroup;
			children = (
				4E037B582601E4BB00B24332 /* HomeScreen.swift */,
				4EEF90B5260202080030C1D8 /* detail */,
			);
			path = home;
			sourceTree = "<group>";
		};
		4E037B572601E4AF00B24332 /* home */ = {
			isa = PBXGroup;
			children = (
				4E037B662601E9E000B24332 /* CategoryView.swift */,
				4EEF90B22601FCCA0030C1D8 /* DetailView.swift */,
			);
			path = home;
			sourceTree = "<group>";
		};
		4E037B5C2601E88700B24332 /* home */ = {
			isa = PBXGroup;
			children = (
				4E037B622601E8D000B24332 /* Category.swift */,
				4EEF90AF2601FBEE0030C1D8 /* Details.swift */,
			);
			path = home;
			sourceTree = "<group>";
		};
		4E100F872603220C0050CCCC /* notifications */ = {
			isa = PBXGroup;
			children = (
				4E100F8A2603222B0050CCCC /* NotificationView.swift */,
			);
			path = notifications;
			sourceTree = "<group>";
		};
		4E100F88260322160050CCCC /* notifications */ = {
			isa = PBXGroup;
			children = (
				4E100F94260324500050CCCC /* NotificationRowView.swift */,
				4E100F97260326880050CCCC /* NotificationUpdateRowView.swift */,
			);
			path = notifications;
			sourceTree = "<group>";
		};
		4E100F892603221A0050CCCC /* notifications */ = {
			isa = PBXGroup;
			children = (
				4E100F91260323610050CCCC /* NotyModel.swift */,
			);
			path = notifications;
			sourceTree = "<group>";
		};
		4E100F9A26032A610050CCCC /* about us */ = {
			isa = PBXGroup;
			children = (
				4E100F9C26032A7D0050CCCC /* AboutUsView.swift */,
				4E100FA326032E5C0050CCCC /* WhieListView.swift */,
				4E100FA6260330550050CCCC /* OrderHistoryView.swift */,
			);
			path = "about us";
			sourceTree = "<group>";
		};
		4E100F9B26032A6A0050CCCC /* about us */ = {
			isa = PBXGroup;
			children = (
				4E100FA026032B220050CCCC /* AboutUsRorView.swift */,
			);
			path = "about us";
			sourceTree = "<group>";
		};
		4E3C2A1E2601CC0900DD0962 = {
			isa = PBXGroup;
			children = (
				4E3C2A292601CC0900DD0962 /* MST XD */,
				4E3C2A282601CC0900DD0962 /* Products */,
			);
			sourceTree = "<group>";
		};
		4E3C2A282601CC0900DD0962 /* Products */ = {
			isa = PBXGroup;
			children = (
				4E3C2A272601CC0900DD0962 /* MST XD.app */,
			);
			name = Products;
			sourceTree = "<group>";
		};
		4E3C2A292601CC0900DD0962 /* MST XD */ = {
			isa = PBXGroup;
			children = (
				4E3C2A2A2601CC0900DD0962 /* MST_XDApp.swift */,
				4EE4449726022F6100C2F756 /* viewmodel */,
				4E3C2A3C2601CC1C00DD0962 /* model */,
				4E3C2A3B2601CC1700DD0962 /* view */,
				4E3C2A3A2601CC1200DD0962 /* SCENES */,
				4E3C2A2E2601CC0900DD0962 /* Assets.xcassets */,
				4E3C2A332601CC0900DD0962 /* Info.plist */,
				4E3C2A302601CC0900DD0962 /* Preview Content */,
			);
			path = "MST XD";
			sourceTree = "<group>";
		};
		4E3C2A302601CC0900DD0962 /* Preview Content */ = {
			isa = PBXGroup;
			children = (
				4E3C2A312601CC0900DD0962 /* Preview Assets.xcassets */,
			);
			path = "Preview Content";
			sourceTree = "<group>";
		};
		4E3C2A3A2601CC1200DD0962 /* SCENES */ = {
			isa = PBXGroup;
			children = (
				4E100F9A26032A610050CCCC /* about us */,
				4E100F872603220C0050CCCC /* notifications */,
				4E43CF712602110E00286C38 /* shop */,
				4E037B562601E4A900B24332 /* home */,
				4E021D302601CDF000319894 /* welcome */,
				4E3C2A2C2601CC0900DD0962 /* ContentView.swift */,
			);
			path = SCENES;
			sourceTree = "<group>";
		};
		4E3C2A3B2601CC1700DD0962 /* view */ = {
			isa = PBXGroup;
			children = (
				4E100F9B26032A6A0050CCCC /* about us */,
				4E100F88260322160050CCCC /* notifications */,
				4E5D0F7926024F7600BE2939 /* custom */,
				4E43CF762602115900286C38 /* shop */,
				4E037B572601E4AF00B24332 /* home */,
				4E021D312601CDFB00319894 /* welcome.swift */,
				4E021D352601CE0900319894 /* LanguageRowView.swift */,
			);
			path = view;
			sourceTree = "<group>";
		};
		4E3C2A3C2601CC1C00DD0962 /* model */ = {
			isa = PBXGroup;
			children = (
				4E100F892603221A0050CCCC /* notifications */,
				4E43CF7B2602123900286C38 /* shop */,
				4E037B5C2601E88700B24332 /* home */,
				4E021D412601D4B300319894 /* Board.swift */,
				4E021D392601D14D00319894 /* Filter.swift */,
			);
			path = model;
			sourceTree = "<group>";
		};
		4E43CF712602110E00286C38 /* shop */ = {
			isa = PBXGroup;
			children = (
				4E5D0F6F2602443500BE2939 /* buy */,
				4E43CF722602111B00286C38 /* HomeShopping.swift */,
			);
			path = shop;
			sourceTree = "<group>";
		};
		4E43CF762602115900286C38 /* shop */ = {
			isa = PBXGroup;
			children = (
				4EFF5B952603154800BD7621 /* New Group */,
				4E5D0F742602445D00BE2939 /* buy */,
				4E43CF772602116A00286C38 /* EpmtyShopView.swift */,
				4E43CF80260213ED00286C38 /* ShopCartRow.swift */,
				4E43CF842602166200286C38 /* TotoView.swift */,
				4E43CF8726021AAA00286C38 /* AddMinusView.swift */,
			);
			path = shop;
			sourceTree = "<group>";
		};
		4E43CF7B2602123900286C38 /* shop */ = {
			isa = PBXGroup;
			children = (
				4E43CF7C2602124300286C38 /* ShopItem.swift */,
			);
			path = shop;
			sourceTree = "<group>";
		};
		4E5D0F6F2602443500BE2939 /* buy */ = {
			isa = PBXGroup;
			children = (
				4E5D0F702602444400BE2939 /* CheckoutBuy.swift */,
				4E5D0F7626024BB500BE2939 /* FinishCheckout.swift */,
			);
			path = buy;
			sourceTree = "<group>";
		};
		4E5D0F742602445D00BE2939 /* buy */ = {
			isa = PBXGroup;
			children = (
				4EFF5B962603156000BD7621 /* BuySuccessView.swift */,
			);
			path = buy;
			sourceTree = "<group>";
		};
		4E5D0F7926024F7600BE2939 /* custom */ = {
			isa = PBXGroup;
			children = (
				4E5D0F7A26024F7E00BE2939 /* FloatingTextField.swift */,
			);
			path = custom;
			sourceTree = "<group>";
		};
		4EE4449726022F6100C2F756 /* viewmodel */ = {
			isa = PBXGroup;
			children = (
				4EE4449826022F6800C2F756 /* CartViewModel.swift */,
				4E100F8E2603234A0050CCCC /* NotificationViewModel.swift */,
			);
			path = viewmodel;
			sourceTree = "<group>";
		};
		4EEF90B5260202080030C1D8 /* detail */ = {
			isa = PBXGroup;
			children = (
				4EEF90A82601F9340030C1D8 /* HomeDetail.swift */,
				4EEF90B6260202200030C1D8 /* ProductDetail.swift */,
			);
			path = detail;
			sourceTree = "<group>";
		};
		4EFF5B952603154800BD7621 /* New Group */ = {
			isa = PBXGroup;
			children = (
			);
			path = "New Group";
			sourceTree = "<group>";
		};
/* End PBXGroup section */

/* Begin PBXNativeTarget section */
		4E3C2A262601CC0900DD0962 /* MST XD */ = {
			isa = PBXNativeTarget;
			buildConfigurationList = 4E3C2A362601CC0900DD0962 /* Build configuration list for PBXNativeTarget "MST XD" */;
			buildPhases = (
				4E3C2A232601CC0900DD0962 /* Sources */,
				4E3C2A242601CC0900DD0962 /* Frameworks */,
				4E3C2A252601CC0900DD0962 /* Resources */,
			);
			buildRules = (
			);
			dependencies = (
			);
			name = "MST XD";
			productName = "MST XD";
			productReference = 4E3C2A272601CC0900DD0962 /* MST XD.app */;
			productType = "com.apple.product-type.application";
		};
/* End PBXNativeTarget section */

/* Begin PBXProject section */
		4E3C2A1F2601CC0900DD0962 /* Project object */ = {
			isa = PBXProject;
			attributes = {
				LastSwiftUpdateCheck = 1220;
				LastUpgradeCheck = 1220;
				TargetAttributes = {
					4E3C2A262601CC0900DD0962 = {
						CreatedOnToolsVersion = 12.2;
					};
				};
			};
			buildConfigurationList = 4E3C2A222601CC0900DD0962 /* Build configuration list for PBXProject "MST XD" */;
			compatibilityVersion = "Xcode 9.3";
			developmentRegion = en;
			hasScannedForEncodings = 0;
			knownRegions = (
				en,
				Base,
			);
			mainGroup = 4E3C2A1E2601CC0900DD0962;
			productRefGroup = 4E3C2A282601CC0900DD0962 /* Products */;
			projectDirPath = "";
			projectRoot = "";
			targets = (
				4E3C2A262601CC0900DD0962 /* MST XD */,
			);
		};
/* End PBXProject section */

/* Begin PBXResourcesBuildPhase section */
		4E3C2A252601CC0900DD0962 /* Resources */ = {
			isa = PBXResourcesBuildPhase;
			buildActionMask = 2147483647;
			files = (
				4E3C2A322601CC0900DD0962 /* Preview Assets.xcassets in Resources */,
				4E3C2A2F2601CC0900DD0962 /* Assets.xcassets in Resources */,
			);
			runOnlyForDeploymentPostprocessing = 0;
		};
/* End PBXResourcesBuildPhase section */

/* Begin PBXSourcesBuildPhase section */
		4E3C2A232601CC0900DD0962 /* Sources */ = {
			isa = PBXSourcesBuildPhase;
			buildActionMask = 2147483647;
			files = (
				4E021D3D2601D43D00319894 /* PageInfo.swift in Sources */,
				4EFF5B972603156000BD7621 /* BuySuccessView.swift in Sources */,
				4E43CF782602116A00286C38 /* EpmtyShopView.swift in Sources */,
				4E037B632601E8D000B24332 /* Category.swift in Sources */,
				4E021D362601CE0900319894 /* LanguageRowView.swift in Sources */,
				4EEF90B32601FCCA0030C1D8 /* DetailView.swift in Sources */,
				4E100F95260324500050CCCC /* NotificationRowView.swift in Sources */,
				4E43CF81260213ED00286C38 /* ShopCartRow.swift in Sources */,
				4E021D3A2601D14D00319894 /* Filter.swift in Sources */,
				4E100F8B2603222B0050CCCC /* NotificationView.swift in Sources */,
				4E100F9D26032A7D0050CCCC /* AboutUsView.swift in Sources */,
				4E021D322601CDFB00319894 /* welcome.swift in Sources */,
				4E037B672601E9E000B24332 /* CategoryView.swift in Sources */,
				4E100FA426032E5C0050CCCC /* WhieListView.swift in Sources */,
				4E3C2A2D2601CC0900DD0962 /* ContentView.swift in Sources */,
				4E100FA126032B220050CCCC /* AboutUsRorView.swift in Sources */,
				4EE4449926022F6800C2F756 /* CartViewModel.swift in Sources */,
				4E037B592601E4BB00B24332 /* HomeScreen.swift in Sources */,
				4EEF90B02601FBEE0030C1D8 /* Details.swift in Sources */,
				4E3C2A3E2601CC2900DD0962 /* Home.swift in Sources */,
				4E5D0F712602444400BE2939 /* CheckoutBuy.swift in Sources */,
				4E100F8F2603234A0050CCCC /* NotificationViewModel.swift in Sources */,
				4E100FA7260330550050CCCC /* OrderHistoryView.swift in Sources */,
				4E100F98260326880050CCCC /* NotificationUpdateRowView.swift in Sources */,
				4EEF90B7260202200030C1D8 /* ProductDetail.swift in Sources */,
				4E43CF8826021AAA00286C38 /* AddMinusView.swift in Sources */,
				4E021D422601D4B300319894 /* Board.swift in Sources */,
				4E43CF7D2602124300286C38 /* ShopItem.swift in Sources */,
				4E3C2A2B2601CC0900DD0962 /* MST_XDApp.swift in Sources */,
				4E43CF732602111B00286C38 /* HomeShopping.swift in Sources */,
				4E100F92260323610050CCCC /* NotyModel.swift in Sources */,
				4E43CF852602166200286C38 /* TotoView.swift in Sources */,
				4E5D0F7726024BB500BE2939 /* FinishCheckout.swift in Sources */,
				4E5D0F7B26024F7E00BE2939 /* FloatingTextField.swift in Sources */,
				4EEF90A92601F9340030C1D8 /* HomeDetail.swift in Sources */,
			);
			runOnlyForDeploymentPostprocessing = 0;
		};
/* End PBXSourcesBuildPhase section */

/* Begin XCBuildConfiguration section */
		4E3C2A342601CC0900DD0962 /* Debug */ = {
			isa = XCBuildConfiguration;
			buildSettings = {
				ALWAYS_SEARCH_USER_PATHS = NO;
				CLANG_ANALYZER_NONNULL = YES;
				CLANG_ANALYZER_NUMBER_OBJECT_CONVERSION = YES_AGGRESSIVE;
				CLANG_CXX_LANGUAGE_STANDARD = "gnu++14";
				CLANG_CXX_LIBRARY = "libc++";
				CLANG_ENABLE_MODULES = YES;
				CLANG_ENABLE_OBJC_ARC = YES;
				CLANG_ENABLE_OBJC_WEAK = YES;
				CLANG_WARN_BLOCK_CAPTURE_AUTORELEASING = YES;
				CLANG_WARN_BOOL_CONVERSION = YES;
				CLANG_WARN_COMMA = YES;
				CLANG_WARN_CONSTANT_CONVERSION = YES;
				CLANG_WARN_DEPRECATED_OBJC_IMPLEMENTATIONS = YES;
				CLANG_WARN_DIRECT_OBJC_ISA_USAGE = YES_ERROR;
				CLANG_WARN_DOCUMENTATION_COMMENTS = YES;
				CLANG_WARN_EMPTY_BODY = YES;
				CLANG_WARN_ENUM_CONVERSION = YES;
				CLANG_WARN_INFINITE_RECURSION = YES;
				CLANG_WARN_INT_CONVERSION = YES;
				CLANG_WARN_NON_LITERAL_NULL_CONVERSION = YES;
				CLANG_WARN_OBJC_IMPLICIT_RETAIN_SELF = YES;
				CLANG_WARN_OBJC_LITERAL_CONVERSION = YES;
				CLANG_WARN_OBJC_ROOT_CLASS = YES_ERROR;
				CLANG_WARN_QUOTED_INCLUDE_IN_FRAMEWORK_HEADER = YES;
				CLANG_WARN_RANGE_LOOP_ANALYSIS = YES;
				CLANG_WARN_STRICT_PROTOTYPES = YES;
				CLANG_WARN_SUSPICIOUS_MOVE = YES;
				CLANG_WARN_UNGUARDED_AVAILABILITY = YES_AGGRESSIVE;
				CLANG_WARN_UNREACHABLE_CODE = YES;
				CLANG_WARN__DUPLICATE_METHOD_MATCH = YES;
				COPY_PHASE_STRIP = NO;
				DEBUG_INFORMATION_FORMAT = dwarf;
				ENABLE_STRICT_OBJC_MSGSEND = YES;
				ENABLE_TESTABILITY = YES;
				GCC_C_LANGUAGE_STANDARD = gnu11;
				GCC_DYNAMIC_NO_PIC = NO;
				GCC_NO_COMMON_BLOCKS = YES;
				GCC_OPTIMIZATION_LEVEL = 0;
				GCC_PREPROCESSOR_DEFINITIONS = (
					"DEBUG=1",
					"$(inherited)",
				);
				GCC_WARN_64_TO_32_BIT_CONVERSION = YES;
				GCC_WARN_ABOUT_RETURN_TYPE = YES_ERROR;
				GCC_WARN_UNDECLARED_SELECTOR = YES;
				GCC_WARN_UNINITIALIZED_AUTOS = YES_AGGRESSIVE;
				GCC_WARN_UNUSED_FUNCTION = YES;
				GCC_WARN_UNUSED_VARIABLE = YES;
				IPHONEOS_DEPLOYMENT_TARGET = 14.2;
				MTL_ENABLE_DEBUG_INFO = INCLUDE_SOURCE;
				MTL_FAST_MATH = YES;
				ONLY_ACTIVE_ARCH = YES;
				SDKROOT = iphoneos;
				SWIFT_ACTIVE_COMPILATION_CONDITIONS = DEBUG;
				SWIFT_OPTIMIZATION_LEVEL = "-Onone";
			};
			name = Debug;
		};
		4E3C2A352601CC0900DD0962 /* Release */ = {
			isa = XCBuildConfiguration;
			buildSettings = {
				ALWAYS_SEARCH_USER_PATHS = NO;
				CLANG_ANALYZER_NONNULL = YES;
				CLANG_ANALYZER_NUMBER_OBJECT_CONVERSION = YES_AGGRESSIVE;
				CLANG_CXX_LANGUAGE_STANDARD = "gnu++14";
				CLANG_CXX_LIBRARY = "libc++";
				CLANG_ENABLE_MODULES = YES;
				CLANG_ENABLE_OBJC_ARC = YES;
				CLANG_ENABLE_OBJC_WEAK = YES;
				CLANG_WARN_BLOCK_CAPTURE_AUTORELEASING = YES;
				CLANG_WARN_BOOL_CONVERSION = YES;
				CLANG_WARN_COMMA = YES;
				CLANG_WARN_CONSTANT_CONVERSION = YES;
				CLANG_WARN_DEPRECATED_OBJC_IMPLEMENTATIONS = YES;
				CLANG_WARN_DIRECT_OBJC_ISA_USAGE = YES_ERROR;
				CLANG_WARN_DOCUMENTATION_COMMENTS = YES;
				CLANG_WARN_EMPTY_BODY = YES;
				CLANG_WARN_ENUM_CONVERSION = YES;
				CLANG_WARN_INFINITE_RECURSION = YES;
				CLANG_WARN_INT_CONVERSION = YES;
				CLANG_WARN_NON_LITERAL_NULL_CONVERSION = YES;
				CLANG_WARN_OBJC_IMPLICIT_RETAIN_SELF = YES;
				CLANG_WARN_OBJC_LITERAL_CONVERSION = YES;
				CLANG_WARN_OBJC_ROOT_CLASS = YES_ERROR;
				CLANG_WARN_QUOTED_INCLUDE_IN_FRAMEWORK_HEADER = YES;
				CLANG_WARN_RANGE_LOOP_ANALYSIS = YES;
				CLANG_WARN_STRICT_PROTOTYPES = YES;
				CLANG_WARN_SUSPICIOUS_MOVE = YES;
				CLANG_WARN_UNGUARDED_AVAILABILITY = YES_AGGRESSIVE;
				CLANG_WARN_UNREACHABLE_CODE = YES;
				CLANG_WARN__DUPLICATE_METHOD_MATCH = YES;
				COPY_PHASE_STRIP = NO;
				DEBUG_INFORMATION_FORMAT = "dwarf-with-dsym";
				ENABLE_NS_ASSERTIONS = NO;
				ENABLE_STRICT_OBJC_MSGSEND = YES;
				GCC_C_LANGUAGE_STANDARD = gnu11;
				GCC_NO_COMMON_BLOCKS = YES;
				GCC_WARN_64_TO_32_BIT_CONVERSION = YES;
				GCC_WARN_ABOUT_RETURN_TYPE = YES_ERROR;
				GCC_WARN_UNDECLARED_SELECTOR = YES;
				GCC_WARN_UNINITIALIZED_AUTOS = YES_AGGRESSIVE;
				GCC_WARN_UNUSED_FUNCTION = YES;
				GCC_WARN_UNUSED_VARIABLE = YES;
				IPHONEOS_DEPLOYMENT_TARGET = 14.2;
				MTL_ENABLE_DEBUG_INFO = NO;
				MTL_FAST_MATH = YES;
				SDKROOT = iphoneos;
				SWIFT_COMPILATION_MODE = wholemodule;
				SWIFT_OPTIMIZATION_LEVEL = "-O";
				VALIDATE_PRODUCT = YES;
			};
			name = Release;
		};
		4E3C2A372601CC0900DD0962 /* Debug */ = {
			isa = XCBuildConfiguration;
			buildSettings = {
				ASSETCATALOG_COMPILER_APPICON_NAME = AppIcon;
				ASSETCATALOG_COMPILER_GLOBAL_ACCENT_COLOR_NAME = AccentColor;
				CODE_SIGN_STYLE = Automatic;
				DEVELOPMENT_ASSET_PATHS = "\"MST XD/Preview Content\"";
				DEVELOPMENT_TEAM = 5RTZJMVRS2;
				ENABLE_PREVIEWS = YES;
				INFOPLIST_FILE = "MST XD/Info.plist";
				IPHONEOS_DEPLOYMENT_TARGET = 14.0;
				LD_RUNPATH_SEARCH_PATHS = (
					"$(inherited)",
					"@executable_path/Frameworks",
				);
				PRODUCT_BUNDLE_IDENTIFIER = "com.hosam.net.MST-XD";
				PRODUCT_NAME = "$(TARGET_NAME)";
				SWIFT_VERSION = 5.0;
				TARGETED_DEVICE_FAMILY = "1,2";
			};
			name = Debug;
		};
		4E3C2A382601CC0900DD0962 /* Release */ = {
			isa = XCBuildConfiguration;
			buildSettings = {
				ASSETCATALOG_COMPILER_APPICON_NAME = AppIcon;
				ASSETCATALOG_COMPILER_GLOBAL_ACCENT_COLOR_NAME = AccentColor;
				CODE_SIGN_STYLE = Automatic;
				DEVELOPMENT_ASSET_PATHS = "\"MST XD/Preview Content\"";
				DEVELOPMENT_TEAM = 5RTZJMVRS2;
				ENABLE_PREVIEWS = YES;
				INFOPLIST_FILE = "MST XD/Info.plist";
				IPHONEOS_DEPLOYMENT_TARGET = 14.0;
				LD_RUNPATH_SEARCH_PATHS = (
					"$(inherited)",
					"@executable_path/Frameworks",
				);
				PRODUCT_BUNDLE_IDENTIFIER = "com.hosam.net.MST-XD";
				PRODUCT_NAME = "$(TARGET_NAME)";
				SWIFT_VERSION = 5.0;
				TARGETED_DEVICE_FAMILY = "1,2";
			};
			name = Release;
		};
/* End XCBuildConfiguration section */

/* Begin XCConfigurationList section */
		4E3C2A222601CC0900DD0962 /* Build configuration list for PBXProject "MST XD" */ = {
			isa = XCConfigurationList;
			buildConfigurations = (
				4E3C2A342601CC0900DD0962 /* Debug */,
				4E3C2A352601CC0900DD0962 /* Release */,
			);
			defaultConfigurationIsVisible = 0;
			defaultConfigurationName = Release;
		};
		4E3C2A362601CC0900DD0962 /* Build configuration list for PBXNativeTarget "MST XD" */ = {
			isa = XCConfigurationList;
			buildConfigurations = (
				4E3C2A372601CC0900DD0962 /* Debug */,
				4E3C2A382601CC0900DD0962 /* Release */,
			);
			defaultConfigurationIsVisible = 0;
			defaultConfigurationName = Release;
		};
/* End XCConfigurationList section */
	};
	rootObject = 4E3C2A1F2601CC0900DD0962 /* Project object */;
}
